
Microsoft Visual Studio Solution File, Format Version 12.00
Project("{FAE04EC0-301F-11D3-BF4B-00C04F79EFBC}") = "Infrastructure", "src\Infrastructure\Infrastructure.csproj", "{2A4FC246-2771-4D11-B00F-1E796B1789CE}"
EndProject
Project("{FAE04EC0-301F-11D3-BF4B-00C04F79EFBC}") = "Swagger", "src\Swagger\Swagger.csproj", "{8DD675F2-788C-4F13-8DE1-65BA308F788A}"
EndProject
Project("{FAE04EC0-301F-11D3-BF4B-00C04F79EFBC}") = "Notifications", "src\Notifications\Notifications.csproj", "{07ED01EF-E969-47A8-9525-6D83DFC08F5E}"
EndProject
Project("{2150E333-8FDC-42A3-9474-1A3956D46DE8}") = "Tests", "Tests", "{BDFC5A91-8DA8-4B15-AD00-CBC6DC000D95}"
EndProject
Project("{FAE04EC0-301F-11D3-BF4B-00C04F79EFBC}") = "Observability", "src\Observability\Observability.csproj", "{E617680A-91EB-4851-89C3-14F69992406E}"
EndProject
Project("{2150E333-8FDC-42A3-9474-1A3956D46DE8}") = "samples", "samples", "{3989D960-9EE2-4358-A27E-5D003668999E}"
EndProject
Project("{FAE04EC0-301F-11D3-BF4B-00C04F79EFBC}") = "SampleWebService", "samples\SampleWebService\SampleWebService.csproj", "{C614A3C8-3EC9-408C-B719-D34727C87C5E}"
EndProject
Project("{FAE04EC0-301F-11D3-BF4B-00C04F79EFBC}") = "Contracts", "src\Contracts\Contracts.csproj", "{7CE414C6-7BA5-4DB3-9A4E-407CF56669C7}"
EndProject
Project("{FAE04EC0-301F-11D3-BF4B-00C04F79EFBC}") = "Infrastructure.Tests", "tests\Infrastructure.Tests\Infrastructure.Tests.csproj", "{B48DFB03-EE8C-4F3D-A68E-527202401C7A}"
EndProject
Project("{FAE04EC0-301F-11D3-BF4B-00C04F79EFBC}") = "TestAssemblyCorrectMigrations", "tests\TestAssemblyCorrectMigrations\TestAssemblyCorrectMigrations.csproj", "{E4AD3447-1BE3-44D5-BBF7-7D23BB74839F}"
EndProject
Global
	GlobalSection(SolutionConfigurationPlatforms) = preSolution
		Debug|Any CPU = Debug|Any CPU
		Release|Any CPU = Release|Any CPU
		DebugL|Any CPU = DebugL|Any CPU
	EndGlobalSection
	GlobalSection(ProjectConfigurationPlatforms) = postSolution
		{2A4FC246-2771-4D11-B00F-1E796B1789CE}.Debug|Any CPU.ActiveCfg = Debug|Any CPU
		{2A4FC246-2771-4D11-B00F-1E796B1789CE}.Debug|Any CPU.Build.0 = Debug|Any CPU
		{2A4FC246-2771-4D11-B00F-1E796B1789CE}.Release|Any CPU.ActiveCfg = Release|Any CPU
		{2A4FC246-2771-4D11-B00F-1E796B1789CE}.Release|Any CPU.Build.0 = Release|Any CPU
		{2A4FC246-2771-4D11-B00F-1E796B1789CE}.DebugL|Any CPU.ActiveCfg = DebugL|Any CPU
		{2A4FC246-2771-4D11-B00F-1E796B1789CE}.DebugL|Any CPU.Build.0 = DebugL|Any CPU
		{8DD675F2-788C-4F13-8DE1-65BA308F788A}.Debug|Any CPU.ActiveCfg = Debug|Any CPU
		{8DD675F2-788C-4F13-8DE1-65BA308F788A}.Debug|Any CPU.Build.0 = Debug|Any CPU
		{8DD675F2-788C-4F13-8DE1-65BA308F788A}.Release|Any CPU.ActiveCfg = Release|Any CPU
		{8DD675F2-788C-4F13-8DE1-65BA308F788A}.Release|Any CPU.Build.0 = Release|Any CPU
		{8DD675F2-788C-4F13-8DE1-65BA308F788A}.DebugL|Any CPU.ActiveCfg = DebugL|Any CPU
		{8DD675F2-788C-4F13-8DE1-65BA308F788A}.DebugL|Any CPU.Build.0 = DebugL|Any CPU
		{07ED01EF-E969-47A8-9525-6D83DFC08F5E}.Debug|Any CPU.ActiveCfg = Debug|Any CPU
		{07ED01EF-E969-47A8-9525-6D83DFC08F5E}.Debug|Any CPU.Build.0 = Debug|Any CPU
		{07ED01EF-E969-47A8-9525-6D83DFC08F5E}.Release|Any CPU.ActiveCfg = Release|Any CPU
		{07ED01EF-E969-47A8-9525-6D83DFC08F5E}.Release|Any CPU.Build.0 = Release|Any CPU
		{07ED01EF-E969-47A8-9525-6D83DFC08F5E}.DebugL|Any CPU.ActiveCfg = DebugL|Any CPU
		{07ED01EF-E969-47A8-9525-6D83DFC08F5E}.DebugL|Any CPU.Build.0 = DebugL|Any CPU
		{E617680A-91EB-4851-89C3-14F69992406E}.Debug|Any CPU.ActiveCfg = Debug|Any CPU
		{E617680A-91EB-4851-89C3-14F69992406E}.Debug|Any CPU.Build.0 = Debug|Any CPU
		{E617680A-91EB-4851-89C3-14F69992406E}.Release|Any CPU.ActiveCfg = Release|Any CPU
		{E617680A-91EB-4851-89C3-14F69992406E}.Release|Any CPU.Build.0 = Release|Any CPU
		{E617680A-91EB-4851-89C3-14F69992406E}.DebugL|Any CPU.ActiveCfg = DebugL|Any CPU
		{E617680A-91EB-4851-89C3-14F69992406E}.DebugL|Any CPU.Build.0 = DebugL|Any CPU
		{C614A3C8-3EC9-408C-B719-D34727C87C5E}.Debug|Any CPU.ActiveCfg = Debug|Any CPU
		{C614A3C8-3EC9-408C-B719-D34727C87C5E}.Debug|Any CPU.Build.0 = Debug|Any CPU
		{C614A3C8-3EC9-408C-B719-D34727C87C5E}.Release|Any CPU.ActiveCfg = Release|Any CPU
		{C614A3C8-3EC9-408C-B719-D34727C87C5E}.Release|Any CPU.Build.0 = Release|Any CPU
		{C614A3C8-3EC9-408C-B719-D34727C87C5E}.DebugL|Any CPU.ActiveCfg = DebugL|Any CPU
		{C614A3C8-3EC9-408C-B719-D34727C87C5E}.DebugL|Any CPU.Build.0 = DebugL|Any CPU
		{7CE414C6-7BA5-4DB3-9A4E-407CF56669C7}.Debug|Any CPU.ActiveCfg = Debug|Any CPU
		{7CE414C6-7BA5-4DB3-9A4E-407CF56669C7}.Debug|Any CPU.Build.0 = Debug|Any CPU
		{7CE414C6-7BA5-4DB3-9A4E-407CF56669C7}.Release|Any CPU.ActiveCfg = Release|Any CPU
		{7CE414C6-7BA5-4DB3-9A4E-407CF56669C7}.Release|Any CPU.Build.0 = Release|Any CPU
		{7CE414C6-7BA5-4DB3-9A4E-407CF56669C7}.DebugL|Any CPU.ActiveCfg = DebugL|Any CPU
		{7CE414C6-7BA5-4DB3-9A4E-407CF56669C7}.DebugL|Any CPU.Build.0 = DebugL|Any CPU
		{B48DFB03-EE8C-4F3D-A68E-527202401C7A}.Debug|Any CPU.ActiveCfg = Debug|Any CPU
		{B48DFB03-EE8C-4F3D-A68E-527202401C7A}.Debug|Any CPU.Build.0 = Debug|Any CPU
		{B48DFB03-EE8C-4F3D-A68E-527202401C7A}.Release|Any CPU.ActiveCfg = Release|Any CPU
		{B48DFB03-EE8C-4F3D-A68E-527202401C7A}.Release|Any CPU.Build.0 = Release|Any CPU
		{B48DFB03-EE8C-4F3D-A68E-527202401C7A}.DebugL|Any CPU.ActiveCfg = DebugL|Any CPU
		{B48DFB03-EE8C-4F3D-A68E-527202401C7A}.DebugL|Any CPU.Build.0 = DebugL|Any CPU
		{E4AD3447-1BE3-44D5-BBF7-7D23BB74839F}.Debug|Any CPU.ActiveCfg = Debug|Any CPU
		{E4AD3447-1BE3-44D5-BBF7-7D23BB74839F}.Debug|Any CPU.Build.0 = Debug|Any CPU
		{E4AD3447-1BE3-44D5-BBF7-7D23BB74839F}.Release|Any CPU.ActiveCfg = Release|Any CPU
		{E4AD3447-1BE3-44D5-BBF7-7D23BB74839F}.Release|Any CPU.Build.0 = Release|Any CPU
		{E4AD3447-1BE3-44D5-BBF7-7D23BB74839F}.DebugL|Any CPU.ActiveCfg = Debug|Any CPU
		{E4AD3447-1BE3-44D5-BBF7-7D23BB74839F}.DebugL|Any CPU.Build.0 = Debug|Any CPU
	EndGlobalSection
	GlobalSection(SolutionProperties) = preSolution
		HideSolutionNode = FALSE
	EndGlobalSection
	GlobalSection(NestedProjects) = preSolution
		{C614A3C8-3EC9-408C-B719-D34727C87C5E} = {3989D960-9EE2-4358-A27E-5D003668999E}
		{B48DFB03-EE8C-4F3D-A68E-527202401C7A} = {BDFC5A91-8DA8-4B15-AD00-CBC6DC000D95}
		{E4AD3447-1BE3-44D5-BBF7-7D23BB74839F} = {BDFC5A91-8DA8-4B15-AD00-CBC6DC000D95}
	EndGlobalSection
EndGlobal
