
Microsoft Visual Studio Solution File, Format Version 12.00
Project("{FAE04EC0-301F-11D3-BF4B-00C04F79EFBC}") = "Common", "src\Common\Common.csproj", "{B78633B2-CF74-4574-B716-58F1DD399AD8}"
EndProject
Project("{FAE04EC0-301F-11D3-BF4B-00C04F79EFBC}") = "Infrastructure", "src\Infrastructure\Infrastructure.csproj", "{2A4FC246-2771-4D11-B00F-1E796B1789CE}"
EndProject
Project("{FAE04EC0-301F-11D3-BF4B-00C04F79EFBC}") = "Swagger", "src\Swagger\Swagger.csproj", "{8DD675F2-788C-4F13-8DE1-65BA308F788A}"
EndProject
Project("{2150E333-8FDC-42A3-9474-1A3956D46DE8}") = "octo-construction-kit", "octo-construction-kit", "{6B1B3474-50D5-44B1-B995-0079AC61200F}"
EndProject
Project("{FAE04EC0-301F-11D3-BF4B-00C04F79EFBC}") = "Notifications", "src\Notifications\Notifications.csproj", "{07ED01EF-E969-47A8-9525-6D83DFC08F5E}"
EndProject
Project("{FAE04EC0-301F-11D3-BF4B-00C04F79EFBC}") = "Runtime.Contracts.MongoDb", "src\octo-construction-kit-engine-mongodb\src\Runtime.Contracts.MongoDb\Runtime.Contracts.MongoDb.csproj", "{625EA1E4-C048-404F-B2A9-6C0D5FD3F77C}"
EndProject
Project("{FAE04EC0-301F-11D3-BF4B-00C04F79EFBC}") = "Runtime.Engine.MongoDb", "src\octo-construction-kit-engine-mongodb\src\Runtime.Engine.MongoDb\Runtime.Engine.MongoDb.csproj", "{08405DDA-54B6-4F07-B052-DA9E82379597}"
EndProject
Project("{FAE04EC0-301F-11D3-BF4B-00C04F79EFBC}") = "Timeseries", "src\Timeseries\Timeseries.csproj", "{B8A8E034-936A-48D9-AA10-4F9A7352D61E}"
EndProject
Project("{2150E333-8FDC-42A3-9474-1A3956D46DE8}") = "Tests", "Tests", "{BDFC5A91-8DA8-4B15-AD00-CBC6DC000D95}"
EndProject
Project("{FAE04EC0-301F-11D3-BF4B-00C04F79EFBC}") = "TimeSeries.Tests", "tests\TimeSeries.Tests\TimeSeries.Tests.csproj", "{2313F62A-549C-49C0-9D9D-C6FC72BE5E80}"
EndProject
Global
	GlobalSection(SolutionConfigurationPlatforms) = preSolution
		Debug|Any CPU = Debug|Any CPU
		Release|Any CPU = Release|Any CPU
		DebugL|Any CPU = DebugL|Any CPU
	EndGlobalSection
	GlobalSection(ProjectConfigurationPlatforms) = postSolution
		{B78633B2-CF74-4574-B716-58F1DD399AD8}.Debug|Any CPU.ActiveCfg = Debug|Any CPU
		{B78633B2-CF74-4574-B716-58F1DD399AD8}.Debug|Any CPU.Build.0 = Debug|Any CPU
		{B78633B2-CF74-4574-B716-58F1DD399AD8}.Release|Any CPU.ActiveCfg = Release|Any CPU
		{B78633B2-CF74-4574-B716-58F1DD399AD8}.Release|Any CPU.Build.0 = Release|Any CPU
		{B78633B2-CF74-4574-B716-58F1DD399AD8}.DebugL|Any CPU.ActiveCfg = DebugL|Any CPU
		{B78633B2-CF74-4574-B716-58F1DD399AD8}.DebugL|Any CPU.Build.0 = DebugL|Any CPU
		{2A4FC246-2771-4D11-B00F-1E796B1789CE}.Debug|Any CPU.ActiveCfg = Debug|Any CPU
		{2A4FC246-2771-4D11-B00F-1E796B1789CE}.Debug|Any CPU.Build.0 = Debug|Any CPU
		{2A4FC246-2771-4D11-B00F-1E796B1789CE}.Release|Any CPU.ActiveCfg = Release|Any CPU
		{2A4FC246-2771-4D11-B00F-1E796B1789CE}.Release|Any CPU.Build.0 = Release|Any CPU
		{2A4FC246-2771-4D11-B00F-1E796B1789CE}.DebugL|Any CPU.ActiveCfg = DebugL|Any CPU
		{2A4FC246-2771-4D11-B00F-1E796B1789CE}.DebugL|Any CPU.Build.0 = DebugL|Any CPU
		{8DD675F2-788C-4F13-8DE1-65BA308F788A}.Debug|Any CPU.ActiveCfg = Debug|Any CPU
		{8DD675F2-788C-4F13-8DE1-65BA308F788A}.Debug|Any CPU.Build.0 = Debug|Any CPU
		{8DD675F2-788C-4F13-8DE1-65BA308F788A}.Release|Any CPU.ActiveCfg = Release|Any CPU
		{8DD675F2-788C-4F13-8DE1-65BA308F788A}.Release|Any CPU.Build.0 = Release|Any CPU
		{8DD675F2-788C-4F13-8DE1-65BA308F788A}.DebugL|Any CPU.ActiveCfg = DebugL|Any CPU
		{8DD675F2-788C-4F13-8DE1-65BA308F788A}.DebugL|Any CPU.Build.0 = DebugL|Any CPU
		{07ED01EF-E969-47A8-9525-6D83DFC08F5E}.Debug|Any CPU.ActiveCfg = Debug|Any CPU
		{07ED01EF-E969-47A8-9525-6D83DFC08F5E}.Debug|Any CPU.Build.0 = Debug|Any CPU
		{07ED01EF-E969-47A8-9525-6D83DFC08F5E}.Release|Any CPU.ActiveCfg = Release|Any CPU
		{07ED01EF-E969-47A8-9525-6D83DFC08F5E}.Release|Any CPU.Build.0 = Release|Any CPU
		{07ED01EF-E969-47A8-9525-6D83DFC08F5E}.DebugL|Any CPU.ActiveCfg = DebugL|Any CPU
		{07ED01EF-E969-47A8-9525-6D83DFC08F5E}.DebugL|Any CPU.Build.0 = DebugL|Any CPU
		{625EA1E4-C048-404F-B2A9-6C0D5FD3F77C}.Debug|Any CPU.ActiveCfg = Debug|Any CPU
		{625EA1E4-C048-404F-B2A9-6C0D5FD3F77C}.Debug|Any CPU.Build.0 = Debug|Any CPU
		{625EA1E4-C048-404F-B2A9-6C0D5FD3F77C}.Release|Any CPU.ActiveCfg = Release|Any CPU
		{625EA1E4-C048-404F-B2A9-6C0D5FD3F77C}.Release|Any CPU.Build.0 = Release|Any CPU
		{625EA1E4-C048-404F-B2A9-6C0D5FD3F77C}.DebugL|Any CPU.ActiveCfg = DebugL|Any CPU
		{625EA1E4-C048-404F-B2A9-6C0D5FD3F77C}.DebugL|Any CPU.Build.0 = DebugL|Any CPU
		{08405DDA-54B6-4F07-B052-DA9E82379597}.Debug|Any CPU.ActiveCfg = Debug|Any CPU
		{08405DDA-54B6-4F07-B052-DA9E82379597}.Debug|Any CPU.Build.0 = Debug|Any CPU
		{08405DDA-54B6-4F07-B052-DA9E82379597}.Release|Any CPU.ActiveCfg = Release|Any CPU
		{08405DDA-54B6-4F07-B052-DA9E82379597}.Release|Any CPU.Build.0 = Release|Any CPU
		{08405DDA-54B6-4F07-B052-DA9E82379597}.DebugL|Any CPU.ActiveCfg = DebugL|Any CPU
		{08405DDA-54B6-4F07-B052-DA9E82379597}.DebugL|Any CPU.Build.0 = DebugL|Any CPU
		{B8A8E034-936A-48D9-AA10-4F9A7352D61E}.Debug|Any CPU.ActiveCfg = Debug|Any CPU
		{B8A8E034-936A-48D9-AA10-4F9A7352D61E}.Debug|Any CPU.Build.0 = Debug|Any CPU
		{B8A8E034-936A-48D9-AA10-4F9A7352D61E}.Release|Any CPU.ActiveCfg = Release|Any CPU
		{B8A8E034-936A-48D9-AA10-4F9A7352D61E}.Release|Any CPU.Build.0 = Release|Any CPU
		{B8A8E034-936A-48D9-AA10-4F9A7352D61E}.DebugL|Any CPU.ActiveCfg = DebugL|Any CPU
		{B8A8E034-936A-48D9-AA10-4F9A7352D61E}.DebugL|Any CPU.Build.0 = DebugL|Any CPU
		{2313F62A-549C-49C0-9D9D-C6FC72BE5E80}.Debug|Any CPU.ActiveCfg = Debug|Any CPU
		{2313F62A-549C-49C0-9D9D-C6FC72BE5E80}.Debug|Any CPU.Build.0 = Debug|Any CPU
		{2313F62A-549C-49C0-9D9D-C6FC72BE5E80}.Release|Any CPU.ActiveCfg = Release|Any CPU
		{2313F62A-549C-49C0-9D9D-C6FC72BE5E80}.Release|Any CPU.Build.0 = Release|Any CPU
		{2313F62A-549C-49C0-9D9D-C6FC72BE5E80}.DebugL|Any CPU.ActiveCfg = Debug|Any CPU
		{2313F62A-549C-49C0-9D9D-C6FC72BE5E80}.DebugL|Any CPU.Build.0 = Debug|Any CPU
	EndGlobalSection
	GlobalSection(NestedProjects) = preSolution
		{625EA1E4-C048-404F-B2A9-6C0D5FD3F77C} = {6B1B3474-50D5-44B1-B995-0079AC61200F}
		{08405DDA-54B6-4F07-B052-DA9E82379597} = {6B1B3474-50D5-44B1-B995-0079AC61200F}
		{2313F62A-549C-49C0-9D9D-C6FC72BE5E80} = {BDFC5A91-8DA8-4B15-AD00-CBC6DC000D95}
	EndGlobalSection
EndGlobal
