
Microsoft Visual Studio Solution File, Format Version 12.00
Project("{FAE04EC0-301F-11D3-BF4B-00C04F79EFBC}") = "Common", "src\Common\Common.csproj", "{B78633B2-CF74-4574-B716-58F1DD399AD8}"
EndProject
Project("{FAE04EC0-301F-11D3-BF4B-00C04F79EFBC}") = "Infrastructure", "src\Infrastructure\Infrastructure.csproj", "{2A4FC246-2771-4D11-B00F-1E796B1789CE}"
EndProject
Project("{FAE04EC0-301F-11D3-BF4B-00C04F79EFBC}") = "Swagger", "src\Swagger\Swagger.csproj", "{8DD675F2-788C-4F13-8DE1-65BA308F788A}"
EndProject
Project("{2150E333-8FDC-42A3-9474-1A3956D46DE8}") = "octo-core", "octo-core", "{6B1B3474-50D5-44B1-B995-0079AC61200F}"
EndProject
Project("{FAE04EC0-301F-11D3-BF4B-00C04F79EFBC}") = "Runtime.Contracts.MongoDb", "src\octo-core\src\MongoDb\Runtime.Contracts.MongoDb\Runtime.Contracts.MongoDb.csproj", "{1465877F-005B-4AE1-9FA3-CA62AFA1CC17}"
EndProject
Project("{FAE04EC0-301F-11D3-BF4B-00C04F79EFBC}") = "Runtime.Engine.MongoDb", "src\octo-core\src\MongoDb\Runtime.Engine.MongoDb\Runtime.Engine.MongoDb.csproj", "{F04D0F58-758B-42BE-AF8D-88FDA5B5B2E0}"
EndProject
Project("{FAE04EC0-301F-11D3-BF4B-00C04F79EFBC}") = "Persistence.SystemCkModel", "src\octo-core\src\Common\Persistence.SystemCkModel\Persistence.SystemCkModel.csproj", "{4CD6EF0A-29E3-4387-96B0-840A3C17C9B0}"
EndProject
Project("{FAE04EC0-301F-11D3-BF4B-00C04F79EFBC}") = "Notifications", "src\Notifications\Notifications.csproj", "{07ED01EF-E969-47A8-9525-6D83DFC08F5E}"
EndProject
Global
	GlobalSection(SolutionConfigurationPlatforms) = preSolution
		Debug|Any CPU = Debug|Any CPU
		Release|Any CPU = Release|Any CPU
		DebugL|Any CPU = DebugL|Any CPU
	EndGlobalSection
	GlobalSection(ProjectConfigurationPlatforms) = postSolution
		{B78633B2-CF74-4574-B716-58F1DD399AD8}.Debug|Any CPU.ActiveCfg = Debug|Any CPU
		{B78633B2-CF74-4574-B716-58F1DD399AD8}.Debug|Any CPU.Build.0 = Debug|Any CPU
		{B78633B2-CF74-4574-B716-58F1DD399AD8}.Release|Any CPU.ActiveCfg = Release|Any CPU
		{B78633B2-CF74-4574-B716-58F1DD399AD8}.Release|Any CPU.Build.0 = Release|Any CPU
		{B78633B2-CF74-4574-B716-58F1DD399AD8}.DebugL|Any CPU.ActiveCfg = DebugL|Any CPU
		{B78633B2-CF74-4574-B716-58F1DD399AD8}.DebugL|Any CPU.Build.0 = DebugL|Any CPU
		{2A4FC246-2771-4D11-B00F-1E796B1789CE}.Debug|Any CPU.ActiveCfg = Debug|Any CPU
		{2A4FC246-2771-4D11-B00F-1E796B1789CE}.Debug|Any CPU.Build.0 = Debug|Any CPU
		{2A4FC246-2771-4D11-B00F-1E796B1789CE}.Release|Any CPU.ActiveCfg = Release|Any CPU
		{2A4FC246-2771-4D11-B00F-1E796B1789CE}.Release|Any CPU.Build.0 = Release|Any CPU
		{2A4FC246-2771-4D11-B00F-1E796B1789CE}.DebugL|Any CPU.ActiveCfg = DebugL|Any CPU
		{2A4FC246-2771-4D11-B00F-1E796B1789CE}.DebugL|Any CPU.Build.0 = DebugL|Any CPU
		{8DD675F2-788C-4F13-8DE1-65BA308F788A}.Debug|Any CPU.ActiveCfg = Debug|Any CPU
		{8DD675F2-788C-4F13-8DE1-65BA308F788A}.Debug|Any CPU.Build.0 = Debug|Any CPU
		{8DD675F2-788C-4F13-8DE1-65BA308F788A}.Release|Any CPU.ActiveCfg = Release|Any CPU
		{8DD675F2-788C-4F13-8DE1-65BA308F788A}.Release|Any CPU.Build.0 = Release|Any CPU
		{8DD675F2-788C-4F13-8DE1-65BA308F788A}.DebugL|Any CPU.ActiveCfg = DebugL|Any CPU
		{8DD675F2-788C-4F13-8DE1-65BA308F788A}.DebugL|Any CPU.Build.0 = DebugL|Any CPU
		{1465877F-005B-4AE1-9FA3-CA62AFA1CC17}.Debug|Any CPU.ActiveCfg = Debug|Any CPU
		{1465877F-005B-4AE1-9FA3-CA62AFA1CC17}.Debug|Any CPU.Build.0 = Debug|Any CPU
		{1465877F-005B-4AE1-9FA3-CA62AFA1CC17}.Release|Any CPU.ActiveCfg = Release|Any CPU
		{1465877F-005B-4AE1-9FA3-CA62AFA1CC17}.Release|Any CPU.Build.0 = Release|Any CPU
		{1465877F-005B-4AE1-9FA3-CA62AFA1CC17}.DebugL|Any CPU.ActiveCfg = DebugL|Any CPU
		{1465877F-005B-4AE1-9FA3-CA62AFA1CC17}.DebugL|Any CPU.Build.0 = DebugL|Any CPU
		{F04D0F58-758B-42BE-AF8D-88FDA5B5B2E0}.Debug|Any CPU.ActiveCfg = Debug|Any CPU
		{F04D0F58-758B-42BE-AF8D-88FDA5B5B2E0}.Debug|Any CPU.Build.0 = Debug|Any CPU
		{F04D0F58-758B-42BE-AF8D-88FDA5B5B2E0}.Release|Any CPU.ActiveCfg = Release|Any CPU
		{F04D0F58-758B-42BE-AF8D-88FDA5B5B2E0}.Release|Any CPU.Build.0 = Release|Any CPU
		{F04D0F58-758B-42BE-AF8D-88FDA5B5B2E0}.DebugL|Any CPU.ActiveCfg = DebugL|Any CPU
		{F04D0F58-758B-42BE-AF8D-88FDA5B5B2E0}.DebugL|Any CPU.Build.0 = DebugL|Any CPU
		{4CD6EF0A-29E3-4387-96B0-840A3C17C9B0}.Debug|Any CPU.ActiveCfg = Debug|Any CPU
		{4CD6EF0A-29E3-4387-96B0-840A3C17C9B0}.Debug|Any CPU.Build.0 = Debug|Any CPU
		{4CD6EF0A-29E3-4387-96B0-840A3C17C9B0}.Release|Any CPU.ActiveCfg = Release|Any CPU
		{4CD6EF0A-29E3-4387-96B0-840A3C17C9B0}.Release|Any CPU.Build.0 = Release|Any CPU
		{4CD6EF0A-29E3-4387-96B0-840A3C17C9B0}.DebugL|Any CPU.ActiveCfg = DebugL|Any CPU
		{4CD6EF0A-29E3-4387-96B0-840A3C17C9B0}.DebugL|Any CPU.Build.0 = DebugL|Any CPU
		{07ED01EF-E969-47A8-9525-6D83DFC08F5E}.Debug|Any CPU.ActiveCfg = Debug|Any CPU
		{07ED01EF-E969-47A8-9525-6D83DFC08F5E}.Debug|Any CPU.Build.0 = Debug|Any CPU
		{07ED01EF-E969-47A8-9525-6D83DFC08F5E}.Release|Any CPU.ActiveCfg = Release|Any CPU
		{07ED01EF-E969-47A8-9525-6D83DFC08F5E}.Release|Any CPU.Build.0 = Release|Any CPU
		{07ED01EF-E969-47A8-9525-6D83DFC08F5E}.DebugL|Any CPU.ActiveCfg = DebugL|Any CPU
		{07ED01EF-E969-47A8-9525-6D83DFC08F5E}.DebugL|Any CPU.Build.0 = DebugL|Any CPU
	EndGlobalSection
	GlobalSection(NestedProjects) = preSolution
		{1465877F-005B-4AE1-9FA3-CA62AFA1CC17} = {6B1B3474-50D5-44B1-B995-0079AC61200F}
		{F04D0F58-758B-42BE-AF8D-88FDA5B5B2E0} = {6B1B3474-50D5-44B1-B995-0079AC61200F}
		{4CD6EF0A-29E3-4387-96B0-840A3C17C9B0} = {6B1B3474-50D5-44B1-B995-0079AC61200F}
	EndGlobalSection
EndGlobal
